
Microsoft Visual Studio Solution File, Format Version 12.00
# Visual Studio Version 16
VisualStudioVersion = 16.0.31025.194
MinimumVisualStudioVersion = 10.0.40219.1
Project("{9A19103F-16F7-4668-BE54-9A1E7A4F7556}") = "activebc", "activebc\activebc.csproj", "{31F25AAD-5242-4A4A-9535-5129C7CC1795}"
EndProject
Project("{FAE04EC0-301F-11D3-BF4B-00C04F79EFBC}") = "activebc.tests", "activebc.tests\activebc.tests.csproj", "{C3CAD791-B51C-4739-B85D-D05A9B91A4CC}"
EndProject
Global
	GlobalSection(SolutionConfigurationPlatforms) = preSolution
		Debug|Any CPU = Debug|Any CPU
		Release|Any CPU = Release|Any CPU
	EndGlobalSection
	GlobalSection(ProjectConfigurationPlatforms) = postSolution
		{31F25AAD-5242-4A4A-9535-5129C7CC1795}.Debug|Any CPU.ActiveCfg = Debug|Any CPU
		{31F25AAD-5242-4A4A-9535-5129C7CC1795}.Debug|Any CPU.Build.0 = Debug|Any CPU
		{31F25AAD-5242-4A4A-9535-5129C7CC1795}.Release|Any CPU.ActiveCfg = Release|Any CPU
		{31F25AAD-5242-4A4A-9535-5129C7CC1795}.Release|Any CPU.Build.0 = Release|Any CPU
		{C3CAD791-B51C-4739-B85D-D05A9B91A4CC}.Debug|Any CPU.ActiveCfg = Debug|Any CPU
		{C3CAD791-B51C-4739-B85D-D05A9B91A4CC}.Debug|Any CPU.Build.0 = Debug|Any CPU
		{C3CAD791-B51C-4739-B85D-D05A9B91A4CC}.Release|Any CPU.ActiveCfg = Release|Any CPU
		{C3CAD791-B51C-4739-B85D-D05A9B91A4CC}.Release|Any CPU.Build.0 = Release|Any CPU
	EndGlobalSection
	GlobalSection(SolutionProperties) = preSolution
		HideSolutionNode = FALSE
	EndGlobalSection
	GlobalSection(ExtensibilityGlobals) = postSolution
		SolutionGuid = {FF850688-D545-4AD3-AB55-33C29339D596}
	EndGlobalSection
EndGlobal
